
Microsoft Visual Studio Solution File, Format Version 12.00
# Visual Studio Version 16
VisualStudioVersion = 16.0.29209.62
MinimumVisualStudioVersion = 10.0.40219.1
Project("{FAE04EC0-301F-11D3-BF4B-00C04F79EFBC}") = "WarField", "WarField\WarField.csproj", "{FD9D8A7D-BD61-4745-B9E8-5CC04BEE7347}"
EndProject
Project("{FAE04EC0-301F-11D3-BF4B-00C04F79EFBC}") = "WarField.DedicatedServer", "WarField.DedicatedServer\WarField.DedicatedServer.csproj", "{2C19838C-E184-46BB-B5BA-A0F52B6DB31C}"
EndProject
Project("{FAE04EC0-301F-11D3-BF4B-00C04F79EFBC}") = "WarField.InternalServer", "WarField.InternalServer\WarField.InternalServer.csproj", "{46DF74BA-3C8B-4180-896E-5491AA04F909}"
EndProject
Project("{FAE04EC0-301F-11D3-BF4B-00C04F79EFBC}") = "WarField.Client", "WarField.Client\WarField.Client.csproj", "{A38B33F2-D6FB-4569-A695-B79D8F79C603}"
EndProject
Global
	GlobalSection(SolutionConfigurationPlatforms) = preSolution
		Debug|Any CPU = Debug|Any CPU
		Release|Any CPU = Release|Any CPU
	EndGlobalSection
	GlobalSection(ProjectConfigurationPlatforms) = postSolution
		{FD9D8A7D-BD61-4745-B9E8-5CC04BEE7347}.Debug|Any CPU.ActiveCfg = Debug|Any CPU
		{FD9D8A7D-BD61-4745-B9E8-5CC04BEE7347}.Debug|Any CPU.Build.0 = Debug|Any CPU
		{FD9D8A7D-BD61-4745-B9E8-5CC04BEE7347}.Release|Any CPU.ActiveCfg = Release|Any CPU
		{FD9D8A7D-BD61-4745-B9E8-5CC04BEE7347}.Release|Any CPU.Build.0 = Release|Any CPU
		{2C19838C-E184-46BB-B5BA-A0F52B6DB31C}.Debug|Any CPU.ActiveCfg = Debug|Any CPU
		{2C19838C-E184-46BB-B5BA-A0F52B6DB31C}.Debug|Any CPU.Build.0 = Debug|Any CPU
		{2C19838C-E184-46BB-B5BA-A0F52B6DB31C}.Release|Any CPU.ActiveCfg = Release|Any CPU
		{2C19838C-E184-46BB-B5BA-A0F52B6DB31C}.Release|Any CPU.Build.0 = Release|Any CPU
		{46DF74BA-3C8B-4180-896E-5491AA04F909}.Debug|Any CPU.ActiveCfg = Debug|Any CPU
		{46DF74BA-3C8B-4180-896E-5491AA04F909}.Debug|Any CPU.Build.0 = Debug|Any CPU
		{46DF74BA-3C8B-4180-896E-5491AA04F909}.Release|Any CPU.ActiveCfg = Release|Any CPU
		{46DF74BA-3C8B-4180-896E-5491AA04F909}.Release|Any CPU.Build.0 = Release|Any CPU
		{A38B33F2-D6FB-4569-A695-B79D8F79C603}.Debug|Any CPU.ActiveCfg = Debug|Any CPU
		{A38B33F2-D6FB-4569-A695-B79D8F79C603}.Debug|Any CPU.Build.0 = Debug|Any CPU
		{A38B33F2-D6FB-4569-A695-B79D8F79C603}.Release|Any CPU.ActiveCfg = Release|Any CPU
		{A38B33F2-D6FB-4569-A695-B79D8F79C603}.Release|Any CPU.Build.0 = Release|Any CPU
	EndGlobalSection
	GlobalSection(SolutionProperties) = preSolution
		HideSolutionNode = FALSE
	EndGlobalSection
	GlobalSection(ExtensibilityGlobals) = postSolution
		SolutionGuid = {774D00A4-CAF1-40FB-8A3C-91F0E2A804DA}
	EndGlobalSection
EndGlobal
